
Microsoft Visual Studio Solution File, Format Version 12.00
# Visual Studio 14
VisualStudioVersion = 14.0.25420.1
MinimumVisualStudioVersion = 10.0.40219.1
Project("{FAE04EC0-301F-11D3-BF4B-00C04F79EFBC}") = "CoinChangeCombination", "CoinChangeCombination\CoinChangeCombination.csproj", "{87A16DFF-3512-4A47-862A-8C6C8CFA4602}"
EndProject
Global
	GlobalSection(SolutionConfigurationPlatforms) = preSolution
		Debug|Any CPU = Debug|Any CPU
		Release|Any CPU = Release|Any CPU
	EndGlobalSection
	GlobalSection(ProjectConfigurationPlatforms) = postSolution
		{87A16DFF-3512-4A47-862A-8C6C8CFA4602}.Debug|Any CPU.ActiveCfg = Debug|Any CPU
		{87A16DFF-3512-4A47-862A-8C6C8CFA4602}.Debug|Any CPU.Build.0 = Debug|Any CPU
		{87A16DFF-3512-4A47-862A-8C6C8CFA4602}.Release|Any CPU.ActiveCfg = Release|Any CPU
		{87A16DFF-3512-4A47-862A-8C6C8CFA4602}.Release|Any CPU.Build.0 = Release|Any CPU
	EndGlobalSection
	GlobalSection(SolutionProperties) = preSolution
		HideSolutionNode = FALSE
	EndGlobalSection
EndGlobal
